
Microsoft Visual Studio Solution File, Format Version 12.00
# Visual Studio Version 17
VisualStudioVersion = 17.2.32630.192
MinimumVisualStudioVersion = 10.0.40219.1
Project("{FAE04EC0-301F-11D3-BF4B-00C04F79EFBC}") = "LoggingMiddleware_geh_Demo", "LoggingMiddleware_geh_Demo\LoggingMiddleware_geh_Demo.csproj", "{F3BA5922-752B-41C0-B3B3-B16C65A4B902}"
EndProject
Global
	GlobalSection(SolutionConfigurationPlatforms) = preSolution
		Debug|Any CPU = Debug|Any CPU
		Release|Any CPU = Release|Any CPU
	EndGlobalSection
	GlobalSection(ProjectConfigurationPlatforms) = postSolution
		{F3BA5922-752B-41C0-B3B3-B16C65A4B902}.Debug|Any CPU.ActiveCfg = Debug|Any CPU
		{F3BA5922-752B-41C0-B3B3-B16C65A4B902}.Debug|Any CPU.Build.0 = Debug|Any CPU
		{F3BA5922-752B-41C0-B3B3-B16C65A4B902}.Release|Any CPU.ActiveCfg = Release|Any CPU
		{F3BA5922-752B-41C0-B3B3-B16C65A4B902}.Release|Any CPU.Build.0 = Release|Any CPU
	EndGlobalSection
	GlobalSection(SolutionProperties) = preSolution
		HideSolutionNode = FALSE
	EndGlobalSection
	GlobalSection(ExtensibilityGlobals) = postSolution
		SolutionGuid = {10389EA8-0C7B-4CD6-BDBE-DFF8B2DB75FF}
	EndGlobalSection
EndGlobal
